
Microsoft Visual Studio Solution File, Format Version 12.00
Project("{FAE04EC0-301F-11D3-BF4B-00C04F79EFBC}") = "RazorPagesMovie", "RazorPagesMovie\RazorPagesMovie.csproj", "{1ED13E78-180C-45EA-925D-9DB33180650A}"
EndProject
Global
	GlobalSection(SolutionConfigurationPlatforms) = preSolution
		Debug|Any CPU = Debug|Any CPU
		Release|Any CPU = Release|Any CPU
	EndGlobalSection
	GlobalSection(ProjectConfigurationPlatforms) = postSolution
		{1ED13E78-180C-45EA-925D-9DB33180650A}.Debug|Any CPU.ActiveCfg = Debug|Any CPU
		{1ED13E78-180C-45EA-925D-9DB33180650A}.Debug|Any CPU.Build.0 = Debug|Any CPU
		{1ED13E78-180C-45EA-925D-9DB33180650A}.Release|Any CPU.ActiveCfg = Release|Any CPU
		{1ED13E78-180C-45EA-925D-9DB33180650A}.Release|Any CPU.Build.0 = Release|Any CPU
	EndGlobalSection
EndGlobal
